// !$*UTF8*$!
{
	archiveVersion = 1;
	classes = {
	};
	objectVersion = 77;
	objects = {

/* Begin PBXBuildFile section */
		930769652DDA065000FF3D3E /* UploadPhotoComponent.swift in Sources */ = {isa = PBXBuildFile; fileRef = 930769642DDA065000FF3D3E /* UploadPhotoComponent.swift */; };
		930769672DDA071C00FF3D3E /* PhotoPicker.swift in Sources */ = {isa = PBXBuildFile; fileRef = 930769662DDA071C00FF3D3E /* PhotoPicker.swift */; };
		930769692DDA073A00FF3D3E /* CameraPicker.swift in Sources */ = {isa = PBXBuildFile; fileRef = 930769682DDA073A00FF3D3E /* CameraPicker.swift */; };
		9307696D2DDA3EAF00FF3D3E /* RegistrationRequestModel.swift in Sources */ = {isa = PBXBuildFile; fileRef = 9307696C2DDA3EAF00FF3D3E /* RegistrationRequestModel.swift */; };
		9330EB2F2DDB3EFD005ECFB6 /* TokenModel.swift in Sources */ = {isa = PBXBuildFile; fileRef = 9330EB2E2DDB3EFD005ECFB6 /* TokenModel.swift */; };
		9330EB312DDB4737005ECFB6 /* ValidationErrorResponse.swift in Sources */ = {isa = PBXBuildFile; fileRef = 9330EB302DDB4737005ECFB6 /* ValidationErrorResponse.swift */; };
		9330EB332DDB5197005ECFB6 /* SuccessRegistrationModel.swift in Sources */ = {isa = PBXBuildFile; fileRef = 9330EB322DDB5197005ECFB6 /* SuccessRegistrationModel.swift */; };
		9330EB392DDB99B7005ECFB6 /* InternetConnectionView.swift in Sources */ = {isa = PBXBuildFile; fileRef = 9330EB382DDB99B7005ECFB6 /* InternetConnectionView.swift */; };
		9330EB3D2DDB99E3005ECFB6 /* FailedToSignUpView.swift in Sources */ = {isa = PBXBuildFile; fileRef = 9330EB3C2DDB99E3005ECFB6 /* FailedToSignUpView.swift */; };
		9330EB3F2DDB99F3005ECFB6 /* SuccessSingUpView.swift in Sources */ = {isa = PBXBuildFile; fileRef = 9330EB3E2DDB99F3005ECFB6 /* SuccessSingUpView.swift */; };
		9330EB432DDBA374005ECFB6 /* MessageAlertComponent.swift in Sources */ = {isa = PBXBuildFile; fileRef = 9330EB422DDBA374005ECFB6 /* MessageAlertComponent.swift */; };
		93506BE42DDBC1BD0078BFF6 /* NetworkMonitorVM.swift in Sources */ = {isa = PBXBuildFile; fileRef = 93506BE32DDBC1BD0078BFF6 /* NetworkMonitorVM.swift */; };
		936E82602DD87880003756D1 /* AuthorizationHeaderKeyMiddleware.swift in Sources */ = {isa = PBXBuildFile; fileRef = 936E825F2DD87880003756D1 /* AuthorizationHeaderKeyMiddleware.swift */; };
		936E82612DD87880003756D1 /* APIClient.swift in Sources */ = {isa = PBXBuildFile; fileRef = 936E825D2DD87880003756D1 /* APIClient.swift */; };
		936E82622DD87880003756D1 /* APIService.swift in Sources */ = {isa = PBXBuildFile; fileRef = 936E825E2DD87880003756D1 /* APIService.swift */; };
		936E82642DD87A28003756D1 /* UserUrlRequestApiService.swift in Sources */ = {isa = PBXBuildFile; fileRef = 936E82632DD87A28003756D1 /* UserUrlRequestApiService.swift */; };
		936E82662DD87BCD003756D1 /* GetUserModel.swift in Sources */ = {isa = PBXBuildFile; fileRef = 936E82652DD87BCD003756D1 /* GetUserModel.swift */; };
		936E82692DD880B7003756D1 /* UserUrlRequestEnum.swift in Sources */ = {isa = PBXBuildFile; fileRef = 936E82682DD880B7003756D1 /* UserUrlRequestEnum.swift */; };
		936E826B2DD882E2003756D1 /* NetworkError.swift in Sources */ = {isa = PBXBuildFile; fileRef = 936E826A2DD882E2003756D1 /* NetworkError.swift */; };
		936E826D2DD89DCF003756D1 /* ParentApiRequestVM.swift in Sources */ = {isa = PBXBuildFile; fileRef = 936E826C2DD89DCF003756D1 /* ParentApiRequestVM.swift */; };
		936E826F2DD89DF3003756D1 /* GlobalConstant.swift in Sources */ = {isa = PBXBuildFile; fileRef = 936E826E2DD89DF3003756D1 /* GlobalConstant.swift */; };
		936E82712DD89FC8003756D1 /* UserVM.swift in Sources */ = {isa = PBXBuildFile; fileRef = 936E82702DD89FC8003756D1 /* UserVM.swift */; };
		936E82752DD8B39D003756D1 /* UserCardComponent.swift in Sources */ = {isa = PBXBuildFile; fileRef = 936E82742DD8B39D003756D1 /* UserCardComponent.swift */; };
		936E82772DD8D001003756D1 /* PositionsModel.swift in Sources */ = {isa = PBXBuildFile; fileRef = 936E82762DD8D001003756D1 /* PositionsModel.swift */; };
		936E82792DD8EFA4003756D1 /* PositionComponent.swift in Sources */ = {isa = PBXBuildFile; fileRef = 936E82782DD8EFA4003756D1 /* PositionComponent.swift */; };
		936E827B2DD8F3F4003756D1 /* RadioGroupCircleComponent.swift in Sources */ = {isa = PBXBuildFile; fileRef = 936E827A2DD8F3F4003756D1 /* RadioGroupCircleComponent.swift */; };
		936E827D2DD8FC3D003756D1 /* CustomTextField.swift in Sources */ = {isa = PBXBuildFile; fileRef = 936E827C2DD8FC3D003756D1 /* CustomTextField.swift */; };
		93C9AD6F2DD787ED0048B1B9 /* IconEnum.swift in Sources */ = {isa = PBXBuildFile; fileRef = 93C9AD622DD787ED0048B1B9 /* IconEnum.swift */; };
		93C9AD702DD787ED0048B1B9 /* FontEnum.swift in Sources */ = {isa = PBXBuildFile; fileRef = 93C9AD632DD787ED0048B1B9 /* FontEnum.swift */; };
		93C9AD722DD787ED0048B1B9 /* TestTaskApp.swift in Sources */ = {isa = PBXBuildFile; fileRef = 93C9AD6D2DD787ED0048B1B9 /* TestTaskApp.swift */; };
		93C9AD732DD787ED0048B1B9 /* NunitoSans.ttf in Resources */ = {isa = PBXBuildFile; fileRef = 93C9AD662DD787ED0048B1B9 /* NunitoSans.ttf */; };
		93C9AD742DD787ED0048B1B9 /* Assets.xcassets in Resources */ = {isa = PBXBuildFile; fileRef = 93C9AD6A2DD787ED0048B1B9 /* Assets.xcassets */; };
		93C9AD782DD789F50048B1B9 /* PreloaderView.swift in Sources */ = {isa = PBXBuildFile; fileRef = 93C9AD772DD789F50048B1B9 /* PreloaderView.swift */; };
		93C9AD7A2DD78B120048B1B9 /* MainView.swift in Sources */ = {isa = PBXBuildFile; fileRef = 93C9AD792DD78B120048B1B9 /* MainView.swift */; };
		93C9AD7C2DD78BB20048B1B9 /* ColorEnum.swift in Sources */ = {isa = PBXBuildFile; fileRef = 93C9AD7B2DD78BB20048B1B9 /* ColorEnum.swift */; };
		93C9AD812DD78D440048B1B9 /* MainRouterVM.swift in Sources */ = {isa = PBXBuildFile; fileRef = 93C9AD802DD78D440048B1B9 /* MainRouterVM.swift */; };
		93C9AD832DD78DA60048B1B9 /* MainRouterEnum.swift in Sources */ = {isa = PBXBuildFile; fileRef = 93C9AD822DD78DA60048B1B9 /* MainRouterEnum.swift */; };
		93C9AD872DD78E130048B1B9 /* SignUpView.swift in Sources */ = {isa = PBXBuildFile; fileRef = 93C9AD862DD78E130048B1B9 /* SignUpView.swift */; };
		93C9AD892DD78E540048B1B9 /* UsersView.swift in Sources */ = {isa = PBXBuildFile; fileRef = 93C9AD882DD78E540048B1B9 /* UsersView.swift */; };
		93C9AD8B2DD7900F0048B1B9 /* NavigationComponent.swift in Sources */ = {isa = PBXBuildFile; fileRef = 93C9AD8A2DD7900F0048B1B9 /* NavigationComponent.swift */; };
/* End PBXBuildFile section */

/* Begin PBXFileReference section */
		930769642DDA065000FF3D3E /* UploadPhotoComponent.swift */ = {isa = PBXFileReference; lastKnownFileType = sourcecode.swift; path = UploadPhotoComponent.swift; sourceTree = "<group>"; };
		930769662DDA071C00FF3D3E /* PhotoPicker.swift */ = {isa = PBXFileReference; lastKnownFileType = sourcecode.swift; path = PhotoPicker.swift; sourceTree = "<group>"; };
		930769682DDA073A00FF3D3E /* CameraPicker.swift */ = {isa = PBXFileReference; lastKnownFileType = sourcecode.swift; path = CameraPicker.swift; sourceTree = "<group>"; };
		9307696C2DDA3EAF00FF3D3E /* RegistrationRequestModel.swift */ = {isa = PBXFileReference; lastKnownFileType = sourcecode.swift; path = RegistrationRequestModel.swift; sourceTree = "<group>"; };
		9330EB2E2DDB3EFD005ECFB6 /* TokenModel.swift */ = {isa = PBXFileReference; lastKnownFileType = sourcecode.swift; path = TokenModel.swift; sourceTree = "<group>"; };
		9330EB302DDB4737005ECFB6 /* ValidationErrorResponse.swift */ = {isa = PBXFileReference; lastKnownFileType = sourcecode.swift; path = ValidationErrorResponse.swift; sourceTree = "<group>"; };
		9330EB322DDB5197005ECFB6 /* SuccessRegistrationModel.swift */ = {isa = PBXFileReference; lastKnownFileType = sourcecode.swift; path = SuccessRegistrationModel.swift; sourceTree = "<group>"; };
		9330EB382DDB99B7005ECFB6 /* InternetConnectionView.swift */ = {isa = PBXFileReference; lastKnownFileType = sourcecode.swift; path = InternetConnectionView.swift; sourceTree = "<group>"; };
		9330EB3C2DDB99E3005ECFB6 /* FailedToSignUpView.swift */ = {isa = PBXFileReference; lastKnownFileType = sourcecode.swift; path = FailedToSignUpView.swift; sourceTree = "<group>"; };
		9330EB3E2DDB99F3005ECFB6 /* SuccessSingUpView.swift */ = {isa = PBXFileReference; lastKnownFileType = sourcecode.swift; path = SuccessSingUpView.swift; sourceTree = "<group>"; };
		9330EB422DDBA374005ECFB6 /* MessageAlertComponent.swift */ = {isa = PBXFileReference; lastKnownFileType = sourcecode.swift; path = MessageAlertComponent.swift; sourceTree = "<group>"; };
		93506BE32DDBC1BD0078BFF6 /* NetworkMonitorVM.swift */ = {isa = PBXFileReference; lastKnownFileType = sourcecode.swift; path = NetworkMonitorVM.swift; sourceTree = "<group>"; };
		936E825D2DD87880003756D1 /* APIClient.swift */ = {isa = PBXFileReference; lastKnownFileType = sourcecode.swift; path = APIClient.swift; sourceTree = "<group>"; };
		936E825E2DD87880003756D1 /* APIService.swift */ = {isa = PBXFileReference; lastKnownFileType = sourcecode.swift; path = APIService.swift; sourceTree = "<group>"; };
		936E825F2DD87880003756D1 /* AuthorizationHeaderKeyMiddleware.swift */ = {isa = PBXFileReference; lastKnownFileType = sourcecode.swift; path = AuthorizationHeaderKeyMiddleware.swift; sourceTree = "<group>"; };
		936E82632DD87A28003756D1 /* UserUrlRequestApiService.swift */ = {isa = PBXFileReference; lastKnownFileType = sourcecode.swift; path = UserUrlRequestApiService.swift; sourceTree = "<group>"; };
		936E82652DD87BCD003756D1 /* GetUserModel.swift */ = {isa = PBXFileReference; lastKnownFileType = sourcecode.swift; path = GetUserModel.swift; sourceTree = "<group>"; };
		936E82682DD880B7003756D1 /* UserUrlRequestEnum.swift */ = {isa = PBXFileReference; lastKnownFileType = sourcecode.swift; path = UserUrlRequestEnum.swift; sourceTree = "<group>"; };
		936E826A2DD882E2003756D1 /* NetworkError.swift */ = {isa = PBXFileReference; lastKnownFileType = sourcecode.swift; path = NetworkError.swift; sourceTree = "<group>"; };
		936E826C2DD89DCF003756D1 /* ParentApiRequestVM.swift */ = {isa = PBXFileReference; lastKnownFileType = sourcecode.swift; path = ParentApiRequestVM.swift; sourceTree = "<group>"; };
		936E826E2DD89DF3003756D1 /* GlobalConstant.swift */ = {isa = PBXFileReference; lastKnownFileType = sourcecode.swift; path = GlobalConstant.swift; sourceTree = "<group>"; };
		936E82702DD89FC8003756D1 /* UserVM.swift */ = {isa = PBXFileReference; lastKnownFileType = sourcecode.swift; path = UserVM.swift; sourceTree = "<group>"; };
		936E82742DD8B39D003756D1 /* UserCardComponent.swift */ = {isa = PBXFileReference; lastKnownFileType = sourcecode.swift; path = UserCardComponent.swift; sourceTree = "<group>"; };
		936E82762DD8D001003756D1 /* PositionsModel.swift */ = {isa = PBXFileReference; lastKnownFileType = sourcecode.swift; path = PositionsModel.swift; sourceTree = "<group>"; };
		936E82782DD8EFA4003756D1 /* PositionComponent.swift */ = {isa = PBXFileReference; lastKnownFileType = sourcecode.swift; path = PositionComponent.swift; sourceTree = "<group>"; };
		936E827A2DD8F3F4003756D1 /* RadioGroupCircleComponent.swift */ = {isa = PBXFileReference; lastKnownFileType = sourcecode.swift; path = RadioGroupCircleComponent.swift; sourceTree = "<group>"; };
		936E827C2DD8FC3D003756D1 /* CustomTextField.swift */ = {isa = PBXFileReference; lastKnownFileType = sourcecode.swift; path = CustomTextField.swift; sourceTree = "<group>"; };
		93C9AD472DD7752C0048B1B9 /* TestTask.app */ = {isa = PBXFileReference; explicitFileType = wrapper.application; includeInIndex = 0; path = TestTask.app; sourceTree = BUILT_PRODUCTS_DIR; };
		93C9AD622DD787ED0048B1B9 /* IconEnum.swift */ = {isa = PBXFileReference; lastKnownFileType = sourcecode.swift; path = IconEnum.swift; sourceTree = "<group>"; };
		93C9AD632DD787ED0048B1B9 /* FontEnum.swift */ = {isa = PBXFileReference; lastKnownFileType = sourcecode.swift; path = FontEnum.swift; sourceTree = "<group>"; };
		93C9AD662DD787ED0048B1B9 /* NunitoSans.ttf */ = {isa = PBXFileReference; lastKnownFileType = file; path = NunitoSans.ttf; sourceTree = "<group>"; };
		93C9AD6A2DD787ED0048B1B9 /* Assets.xcassets */ = {isa = PBXFileReference; lastKnownFileType = folder.assetcatalog; path = Assets.xcassets; sourceTree = "<group>"; };
		93C9AD6C2DD787ED0048B1B9 /* Info.plist */ = {isa = PBXFileReference; lastKnownFileType = text.plist.xml; path = Info.plist; sourceTree = "<group>"; };
		93C9AD6D2DD787ED0048B1B9 /* TestTaskApp.swift */ = {isa = PBXFileReference; lastKnownFileType = sourcecode.swift; path = TestTaskApp.swift; sourceTree = "<group>"; };
		93C9AD772DD789F50048B1B9 /* PreloaderView.swift */ = {isa = PBXFileReference; lastKnownFileType = sourcecode.swift; path = PreloaderView.swift; sourceTree = "<group>"; };
		93C9AD792DD78B120048B1B9 /* MainView.swift */ = {isa = PBXFileReference; lastKnownFileType = sourcecode.swift; path = MainView.swift; sourceTree = "<group>"; };
		93C9AD7B2DD78BB20048B1B9 /* ColorEnum.swift */ = {isa = PBXFileReference; lastKnownFileType = sourcecode.swift; path = ColorEnum.swift; sourceTree = "<group>"; };
		93C9AD802DD78D440048B1B9 /* MainRouterVM.swift */ = {isa = PBXFileReference; lastKnownFileType = sourcecode.swift; path = MainRouterVM.swift; sourceTree = "<group>"; };
		93C9AD822DD78DA60048B1B9 /* MainRouterEnum.swift */ = {isa = PBXFileReference; lastKnownFileType = sourcecode.swift; path = MainRouterEnum.swift; sourceTree = "<group>"; };
		93C9AD862DD78E130048B1B9 /* SignUpView.swift */ = {isa = PBXFileReference; lastKnownFileType = sourcecode.swift; path = SignUpView.swift; sourceTree = "<group>"; };
		93C9AD882DD78E540048B1B9 /* UsersView.swift */ = {isa = PBXFileReference; lastKnownFileType = sourcecode.swift; path = UsersView.swift; sourceTree = "<group>"; };
		93C9AD8A2DD7900F0048B1B9 /* NavigationComponent.swift */ = {isa = PBXFileReference; lastKnownFileType = sourcecode.swift; path = NavigationComponent.swift; sourceTree = "<group>"; };
/* End PBXFileReference section */

/* Begin PBXFrameworksBuildPhase section */
		93C9AD442DD7752C0048B1B9 /* Frameworks */ = {
			isa = PBXFrameworksBuildPhase;
			buildActionMask = 2147483647;
			files = (
			);
			runOnlyForDeploymentPostprocessing = 0;
		};
/* End PBXFrameworksBuildPhase section */

/* Begin PBXGroup section */
		936E825B2DD8786E003756D1 /* Service */ = {
			isa = PBXGroup;
			children = (
				936E825C2DD87879003756D1 /* API */,
				930769662DDA071C00FF3D3E /* PhotoPicker.swift */,
				930769682DDA073A00FF3D3E /* CameraPicker.swift */,
			);
			path = Service;
			sourceTree = "<group>";
		};
		936E825C2DD87879003756D1 /* API */ = {
			isa = PBXGroup;
			children = (
				936E825D2DD87880003756D1 /* APIClient.swift */,
				936E825E2DD87880003756D1 /* APIService.swift */,
				936E825F2DD87880003756D1 /* AuthorizationHeaderKeyMiddleware.swift */,
				936E82632DD87A28003756D1 /* UserUrlRequestApiService.swift */,
			);
			path = API;
			sourceTree = "<group>";
		};
		936E82672DD88097003756D1 /* API */ = {
			isa = PBXGroup;
			children = (
				936E82682DD880B7003756D1 /* UserUrlRequestEnum.swift */,
				936E826A2DD882E2003756D1 /* NetworkError.swift */,
			);
			path = API;
			sourceTree = "<group>";
		};
		93C9AD3E2DD7752C0048B1B9 = {
			isa = PBXGroup;
			children = (
				93C9AD6E2DD787ED0048B1B9 /* TestTask */,
				93C9AD482DD7752C0048B1B9 /* Products */,
			);
			sourceTree = "<group>";
		};
		93C9AD482DD7752C0048B1B9 /* Products */ = {
			isa = PBXGroup;
			children = (
				93C9AD472DD7752C0048B1B9 /* TestTask.app */,
			);
			name = Products;
			sourceTree = "<group>";
		};
		93C9AD642DD787ED0048B1B9 /* EnumModel */ = {
			isa = PBXGroup;
			children = (
				936E82672DD88097003756D1 /* API */,
				93C9AD622DD787ED0048B1B9 /* IconEnum.swift */,
				93C9AD632DD787ED0048B1B9 /* FontEnum.swift */,
				93C9AD7B2DD78BB20048B1B9 /* ColorEnum.swift */,
				93C9AD822DD78DA60048B1B9 /* MainRouterEnum.swift */,
				9330EB302DDB4737005ECFB6 /* ValidationErrorResponse.swift */,
			);
			path = EnumModel;
			sourceTree = "<group>";
		};
		93C9AD652DD787ED0048B1B9 /* Model */ = {
			isa = PBXGroup;
			children = (
				93C9AD642DD787ED0048B1B9 /* EnumModel */,
				936E82652DD87BCD003756D1 /* GetUserModel.swift */,
				936E826E2DD89DF3003756D1 /* GlobalConstant.swift */,
				936E82762DD8D001003756D1 /* PositionsModel.swift */,
				9307696C2DDA3EAF00FF3D3E /* RegistrationRequestModel.swift */,
				9330EB2E2DDB3EFD005ECFB6 /* TokenModel.swift */,
				9330EB322DDB5197005ECFB6 /* SuccessRegistrationModel.swift */,
			);
			path = Model;
			sourceTree = "<group>";
		};
		93C9AD672DD787ED0048B1B9 /* SystemResources */ = {
			isa = PBXGroup;
			children = (
				93C9AD662DD787ED0048B1B9 /* NunitoSans.ttf */,
			);
			path = SystemResources;
			sourceTree = "<group>";
		};
		93C9AD682DD787ED0048B1B9 /* Component */ = {
			isa = PBXGroup;
			children = (
				93C9AD8A2DD7900F0048B1B9 /* NavigationComponent.swift */,
				936E82742DD8B39D003756D1 /* UserCardComponent.swift */,
				936E82782DD8EFA4003756D1 /* PositionComponent.swift */,
				936E827A2DD8F3F4003756D1 /* RadioGroupCircleComponent.swift */,
				936E827C2DD8FC3D003756D1 /* CustomTextField.swift */,
				930769642DDA065000FF3D3E /* UploadPhotoComponent.swift */,
				9330EB422DDBA374005ECFB6 /* MessageAlertComponent.swift */,
			);
			path = Component;
			sourceTree = "<group>";
		};
		93C9AD692DD787ED0048B1B9 /* View */ = {
			isa = PBXGroup;
			children = (
				93C9AD682DD787ED0048B1B9 /* Component */,
				93C9AD772DD789F50048B1B9 /* PreloaderView.swift */,
				93C9AD792DD78B120048B1B9 /* MainView.swift */,
				93C9AD862DD78E130048B1B9 /* SignUpView.swift */,
				93C9AD882DD78E540048B1B9 /* UsersView.swift */,
				9330EB382DDB99B7005ECFB6 /* InternetConnectionView.swift */,
				9330EB3C2DDB99E3005ECFB6 /* FailedToSignUpView.swift */,
				9330EB3E2DDB99F3005ECFB6 /* SuccessSingUpView.swift */,
			);
			path = View;
			sourceTree = "<group>";
		};
		93C9AD6E2DD787ED0048B1B9 /* TestTask */ = {
			isa = PBXGroup;
			children = (
				936E825B2DD8786E003756D1 /* Service */,
				93C9AD7F2DD78D240048B1B9 /* ViewModel */,
				93C9AD652DD787ED0048B1B9 /* Model */,
				93C9AD672DD787ED0048B1B9 /* SystemResources */,
				93C9AD692DD787ED0048B1B9 /* View */,
				93C9AD6A2DD787ED0048B1B9 /* Assets.xcassets */,
				93C9AD6C2DD787ED0048B1B9 /* Info.plist */,
				93C9AD6D2DD787ED0048B1B9 /* TestTaskApp.swift */,
			);
			path = TestTask;
			sourceTree = "<group>";
		};
		93C9AD7F2DD78D240048B1B9 /* ViewModel */ = {
			isa = PBXGroup;
			children = (
				93C9AD802DD78D440048B1B9 /* MainRouterVM.swift */,
				936E826C2DD89DCF003756D1 /* ParentApiRequestVM.swift */,
				936E82702DD89FC8003756D1 /* UserVM.swift */,
				93506BE32DDBC1BD0078BFF6 /* NetworkMonitorVM.swift */,
			);
			path = ViewModel;
			sourceTree = "<group>";
		};
/* End PBXGroup section */

/* Begin PBXNativeTarget section */
		93C9AD462DD7752C0048B1B9 /* TestTask */ = {
			isa = PBXNativeTarget;
			buildConfigurationList = 93C9AD522DD7752E0048B1B9 /* Build configuration list for PBXNativeTarget "TestTask" */;
			buildPhases = (
				93C9AD432DD7752C0048B1B9 /* Sources */,
				93C9AD442DD7752C0048B1B9 /* Frameworks */,
				93C9AD452DD7752C0048B1B9 /* Resources */,
			);
			buildRules = (
			);
			dependencies = (
			);
			name = TestTask;
			packageProductDependencies = (
			);
			productName = TestTask;
			productReference = 93C9AD472DD7752C0048B1B9 /* TestTask.app */;
			productType = "com.apple.product-type.application";
		};
/* End PBXNativeTarget section */

/* Begin PBXProject section */
		93C9AD3F2DD7752C0048B1B9 /* Project object */ = {
			isa = PBXProject;
			attributes = {
				BuildIndependentTargetsInParallel = 1;
				LastSwiftUpdateCheck = 1630;
				LastUpgradeCheck = 1630;
				TargetAttributes = {
					93C9AD462DD7752C0048B1B9 = {
						CreatedOnToolsVersion = 16.3;
					};
				};
			};
			buildConfigurationList = 93C9AD422DD7752C0048B1B9 /* Build configuration list for PBXProject "TestTask" */;
			developmentRegion = en;
			hasScannedForEncodings = 0;
			knownRegions = (
				en,
				Base,
			);
			mainGroup = 93C9AD3E2DD7752C0048B1B9;
			minimizedProjectReferenceProxies = 1;
			preferredProjectObjectVersion = 77;
			productRefGroup = 93C9AD482DD7752C0048B1B9 /* Products */;
			projectDirPath = "";
			projectRoot = "";
			targets = (
				93C9AD462DD7752C0048B1B9 /* TestTask */,
			);
		};
/* End PBXProject section */

/* Begin PBXResourcesBuildPhase section */
		93C9AD452DD7752C0048B1B9 /* Resources */ = {
			isa = PBXResourcesBuildPhase;
			buildActionMask = 2147483647;
			files = (
				93C9AD732DD787ED0048B1B9 /* NunitoSans.ttf in Resources */,
				93C9AD742DD787ED0048B1B9 /* Assets.xcassets in Resources */,
			);
			runOnlyForDeploymentPostprocessing = 0;
		};
/* End PBXResourcesBuildPhase section */

/* Begin PBXSourcesBuildPhase section */
		93C9AD432DD7752C0048B1B9 /* Sources */ = {
			isa = PBXSourcesBuildPhase;
			buildActionMask = 2147483647;
			files = (
				93C9AD6F2DD787ED0048B1B9 /* IconEnum.swift in Sources */,
				9330EB332DDB5197005ECFB6 /* SuccessRegistrationModel.swift in Sources */,
				9330EB2F2DDB3EFD005ECFB6 /* TokenModel.swift in Sources */,
				936E82712DD89FC8003756D1 /* UserVM.swift in Sources */,
				9330EB3D2DDB99E3005ECFB6 /* FailedToSignUpView.swift in Sources */,
				930769692DDA073A00FF3D3E /* CameraPicker.swift in Sources */,
				9330EB392DDB99B7005ECFB6 /* InternetConnectionView.swift in Sources */,
				93C9AD8B2DD7900F0048B1B9 /* NavigationComponent.swift in Sources */,
				9330EB432DDBA374005ECFB6 /* MessageAlertComponent.swift in Sources */,
				93C9AD702DD787ED0048B1B9 /* FontEnum.swift in Sources */,
				93C9AD832DD78DA60048B1B9 /* MainRouterEnum.swift in Sources */,
				936E82692DD880B7003756D1 /* UserUrlRequestEnum.swift in Sources */,
				93C9AD782DD789F50048B1B9 /* PreloaderView.swift in Sources */,
				936E826F2DD89DF3003756D1 /* GlobalConstant.swift in Sources */,
				93506BE42DDBC1BD0078BFF6 /* NetworkMonitorVM.swift in Sources */,
				930769672DDA071C00FF3D3E /* PhotoPicker.swift in Sources */,
				936E827D2DD8FC3D003756D1 /* CustomTextField.swift in Sources */,
				93C9AD7A2DD78B120048B1B9 /* MainView.swift in Sources */,
				93C9AD892DD78E540048B1B9 /* UsersView.swift in Sources */,
				936E82772DD8D001003756D1 /* PositionsModel.swift in Sources */,
				936E82602DD87880003756D1 /* AuthorizationHeaderKeyMiddleware.swift in Sources */,
				936E82752DD8B39D003756D1 /* UserCardComponent.swift in Sources */,
				936E82612DD87880003756D1 /* APIClient.swift in Sources */,
				9307696D2DDA3EAF00FF3D3E /* RegistrationRequestModel.swift in Sources */,
				930769652DDA065000FF3D3E /* UploadPhotoComponent.swift in Sources */,
				936E82622DD87880003756D1 /* APIService.swift in Sources */,
				936E82662DD87BCD003756D1 /* GetUserModel.swift in Sources */,
				93C9AD872DD78E130048B1B9 /* SignUpView.swift in Sources */,
				936E82792DD8EFA4003756D1 /* PositionComponent.swift in Sources */,
				9330EB312DDB4737005ECFB6 /* ValidationErrorResponse.swift in Sources */,
				936E827B2DD8F3F4003756D1 /* RadioGroupCircleComponent.swift in Sources */,
				93C9AD7C2DD78BB20048B1B9 /* ColorEnum.swift in Sources */,
				93C9AD812DD78D440048B1B9 /* MainRouterVM.swift in Sources */,
				936E826B2DD882E2003756D1 /* NetworkError.swift in Sources */,
				9330EB3F2DDB99F3005ECFB6 /* SuccessSingUpView.swift in Sources */,
				93C9AD722DD787ED0048B1B9 /* TestTaskApp.swift in Sources */,
				936E826D2DD89DCF003756D1 /* ParentApiRequestVM.swift in Sources */,
				936E82642DD87A28003756D1 /* UserUrlRequestApiService.swift in Sources */,
			);
			runOnlyForDeploymentPostprocessing = 0;
		};
/* End PBXSourcesBuildPhase section */

/* Begin XCBuildConfiguration section */
		93C9AD502DD7752E0048B1B9 /* Debug */ = {
			isa = XCBuildConfiguration;
			buildSettings = {
				ALWAYS_SEARCH_USER_PATHS = NO;
				ASSETCATALOG_COMPILER_GENERATE_SWIFT_ASSET_SYMBOL_EXTENSIONS = YES;
				CLANG_ANALYZER_NONNULL = YES;
				CLANG_ANALYZER_NUMBER_OBJECT_CONVERSION = YES_AGGRESSIVE;
				CLANG_CXX_LANGUAGE_STANDARD = "gnu++20";
				CLANG_ENABLE_MODULES = YES;
				CLANG_ENABLE_OBJC_ARC = YES;
				CLANG_ENABLE_OBJC_WEAK = YES;
				CLANG_WARN_BLOCK_CAPTURE_AUTORELEASING = YES;
				CLANG_WARN_BOOL_CONVERSION = YES;
				CLANG_WARN_COMMA = YES;
				CLANG_WARN_CONSTANT_CONVERSION = YES;
				CLANG_WARN_DEPRECATED_OBJC_IMPLEMENTATIONS = YES;
				CLANG_WARN_DIRECT_OBJC_ISA_USAGE = YES_ERROR;
				CLANG_WARN_DOCUMENTATION_COMMENTS = YES;
				CLANG_WARN_EMPTY_BODY = YES;
				CLANG_WARN_ENUM_CONVERSION = YES;
				CLANG_WARN_INFINITE_RECURSION = YES;
				CLANG_WARN_INT_CONVERSION = YES;
				CLANG_WARN_NON_LITERAL_NULL_CONVERSION = YES;
				CLANG_WARN_OBJC_IMPLICIT_RETAIN_SELF = YES;
				CLANG_WARN_OBJC_LITERAL_CONVERSION = YES;
				CLANG_WARN_OBJC_ROOT_CLASS = YES_ERROR;
				CLANG_WARN_QUOTED_INCLUDE_IN_FRAMEWORK_HEADER = YES;
				CLANG_WARN_RANGE_LOOP_ANALYSIS = YES;
				CLANG_WARN_STRICT_PROTOTYPES = YES;
				CLANG_WARN_SUSPICIOUS_MOVE = YES;
				CLANG_WARN_UNGUARDED_AVAILABILITY = YES_AGGRESSIVE;
				CLANG_WARN_UNREACHABLE_CODE = YES;
				CLANG_WARN__DUPLICATE_METHOD_MATCH = YES;
				COPY_PHASE_STRIP = NO;
				DEBUG_INFORMATION_FORMAT = dwarf;
				DEVELOPMENT_TEAM = 665W8JZLV8;
				ENABLE_STRICT_OBJC_MSGSEND = YES;
				ENABLE_TESTABILITY = YES;
				ENABLE_USER_SCRIPT_SANDBOXING = YES;
				GCC_C_LANGUAGE_STANDARD = gnu17;
				GCC_DYNAMIC_NO_PIC = NO;
				GCC_NO_COMMON_BLOCKS = YES;
				GCC_OPTIMIZATION_LEVEL = 0;
				GCC_PREPROCESSOR_DEFINITIONS = (
					"DEBUG=1",
					"$(inherited)",
				);
				GCC_WARN_64_TO_32_BIT_CONVERSION = YES;
				GCC_WARN_ABOUT_RETURN_TYPE = YES_ERROR;
				GCC_WARN_UNDECLARED_SELECTOR = YES;
				GCC_WARN_UNINITIALIZED_AUTOS = YES_AGGRESSIVE;
				GCC_WARN_UNUSED_FUNCTION = YES;
				GCC_WARN_UNUSED_VARIABLE = YES;
				IPHONEOS_DEPLOYMENT_TARGET = 18.4;
				LOCALIZATION_PREFERS_STRING_CATALOGS = YES;
				MTL_ENABLE_DEBUG_INFO = INCLUDE_SOURCE;
				MTL_FAST_MATH = YES;
				ONLY_ACTIVE_ARCH = YES;
				SDKROOT = iphoneos;
				SWIFT_ACTIVE_COMPILATION_CONDITIONS = "DEBUG $(inherited)";
				SWIFT_OPTIMIZATION_LEVEL = "-Onone";
			};
			name = Debug;
		};
		93C9AD512DD7752E0048B1B9 /* Release */ = {
			isa = XCBuildConfiguration;
			buildSettings = {
				ALWAYS_SEARCH_USER_PATHS = NO;
				ASSETCATALOG_COMPILER_GENERATE_SWIFT_ASSET_SYMBOL_EXTENSIONS = YES;
				CLANG_ANALYZER_NONNULL = YES;
				CLANG_ANALYZER_NUMBER_OBJECT_CONVERSION = YES_AGGRESSIVE;
				CLANG_CXX_LANGUAGE_STANDARD = "gnu++20";
				CLANG_ENABLE_MODULES = YES;
				CLANG_ENABLE_OBJC_ARC = YES;
				CLANG_ENABLE_OBJC_WEAK = YES;
				CLANG_WARN_BLOCK_CAPTURE_AUTORELEASING = YES;
				CLANG_WARN_BOOL_CONVERSION = YES;
				CLANG_WARN_COMMA = YES;
				CLANG_WARN_CONSTANT_CONVERSION = YES;
				CLANG_WARN_DEPRECATED_OBJC_IMPLEMENTATIONS = YES;
				CLANG_WARN_DIRECT_OBJC_ISA_USAGE = YES_ERROR;
				CLANG_WARN_DOCUMENTATION_COMMENTS = YES;
				CLANG_WARN_EMPTY_BODY = YES;
				CLANG_WARN_ENUM_CONVERSION = YES;
				CLANG_WARN_INFINITE_RECURSION = YES;
				CLANG_WARN_INT_CONVERSION = YES;
				CLANG_WARN_NON_LITERAL_NULL_CONVERSION = YES;
				CLANG_WARN_OBJC_IMPLICIT_RETAIN_SELF = YES;
				CLANG_WARN_OBJC_LITERAL_CONVERSION = YES;
				CLANG_WARN_OBJC_ROOT_CLASS = YES_ERROR;
				CLANG_WARN_QUOTED_INCLUDE_IN_FRAMEWORK_HEADER = YES;
				CLANG_WARN_RANGE_LOOP_ANALYSIS = YES;
				CLANG_WARN_STRICT_PROTOTYPES = YES;
				CLANG_WARN_SUSPICIOUS_MOVE = YES;
				CLANG_WARN_UNGUARDED_AVAILABILITY = YES_AGGRESSIVE;
				CLANG_WARN_UNREACHABLE_CODE = YES;
				CLANG_WARN__DUPLICATE_METHOD_MATCH = YES;
				COPY_PHASE_STRIP = NO;
				DEBUG_INFORMATION_FORMAT = "dwarf-with-dsym";
				DEVELOPMENT_TEAM = 665W8JZLV8;
				ENABLE_NS_ASSERTIONS = NO;
				ENABLE_STRICT_OBJC_MSGSEND = YES;
				ENABLE_USER_SCRIPT_SANDBOXING = YES;
				GCC_C_LANGUAGE_STANDARD = gnu17;
				GCC_NO_COMMON_BLOCKS = YES;
				GCC_WARN_64_TO_32_BIT_CONVERSION = YES;
				GCC_WARN_ABOUT_RETURN_TYPE = YES_ERROR;
				GCC_WARN_UNDECLARED_SELECTOR = YES;
				GCC_WARN_UNINITIALIZED_AUTOS = YES_AGGRESSIVE;
				GCC_WARN_UNUSED_FUNCTION = YES;
				GCC_WARN_UNUSED_VARIABLE = YES;
				IPHONEOS_DEPLOYMENT_TARGET = 18.4;
				LOCALIZATION_PREFERS_STRING_CATALOGS = YES;
				MTL_ENABLE_DEBUG_INFO = NO;
				MTL_FAST_MATH = YES;
				SDKROOT = iphoneos;
				SWIFT_COMPILATION_MODE = wholemodule;
				VALIDATE_PRODUCT = YES;
			};
			name = Release;
		};
		93C9AD532DD7752E0048B1B9 /* Debug */ = {
			isa = XCBuildConfiguration;
			buildSettings = {
				ASSETCATALOG_COMPILER_APPICON_NAME = AppIcon;
				ASSETCATALOG_COMPILER_GLOBAL_ACCENT_COLOR_NAME = AccentColor;
				CODE_SIGN_STYLE = Automatic;
				CURRENT_PROJECT_VERSION = 1;
				DEVELOPMENT_TEAM = 665W8JZLV8;
				ENABLE_PREVIEWS = YES;
				GENERATE_INFOPLIST_FILE = YES;
				INFOPLIST_FILE = TestTask/Info.plist;
				INFOPLIST_KEY_NSCameraUsageDescription = "Camera access is required to take photos for uploading to the server.";
				INFOPLIST_KEY_NSPhotoLibraryUsageDescription = "Access to your photo library is needed to select photos for uploading to the server.";
				INFOPLIST_KEY_UIApplicationSceneManifest_Generation = YES;
				INFOPLIST_KEY_UIApplicationSupportsIndirectInputEvents = YES;
				INFOPLIST_KEY_UILaunchScreen_Generation = YES;
				INFOPLIST_KEY_UISupportedInterfaceOrientations = UIInterfaceOrientationPortrait;
				IPHONEOS_DEPLOYMENT_TARGET = 15.6;
				LD_RUNPATH_SEARCH_PATHS = (
					"$(inherited)",
					"@executable_path/Frameworks",
				);
				MARKETING_VERSION = 1.0;
				PRODUCT_BUNDLE_IDENTIFIER = "abz-agency.TestTask";
				PRODUCT_NAME = "$(TARGET_NAME)";
				SUPPORTED_PLATFORMS = "iphoneos iphonesimulator";
				SUPPORTS_MACCATALYST = NO;
				SUPPORTS_MAC_DESIGNED_FOR_IPHONE_IPAD = NO;
				SUPPORTS_XR_DESIGNED_FOR_IPHONE_IPAD = NO;
				SWIFT_EMIT_LOC_STRINGS = YES;
				SWIFT_VERSION = 5.0;
				TARGETED_DEVICE_FAMILY = "1,2";
			};
			name = Debug;
		};
		93C9AD542DD7752E0048B1B9 /* Release */ = {
			isa = XCBuildConfiguration;
			buildSettings = {
				ASSETCATALOG_COMPILER_APPICON_NAME = AppIcon;
				ASSETCATALOG_COMPILER_GLOBAL_ACCENT_COLOR_NAME = AccentColor;
				CODE_SIGN_STYLE = Automatic;
				CURRENT_PROJECT_VERSION = 1;
				DEVELOPMENT_TEAM = 665W8JZLV8;
				ENABLE_PREVIEWS = YES;
				GENERATE_INFOPLIST_FILE = YES;
				INFOPLIST_FILE = TestTask/Info.plist;
				INFOPLIST_KEY_NSCameraUsageDescription = "Camera access is required to take photos for uploading to the server.";
				INFOPLIST_KEY_NSPhotoLibraryUsageDescription = "Access to your photo library is needed to select photos for uploading to the server.";
				INFOPLIST_KEY_UIApplicationSceneManifest_Generation = YES;
				INFOPLIST_KEY_UIApplicationSupportsIndirectInputEvents = YES;
				INFOPLIST_KEY_UILaunchScreen_Generation = YES;
				INFOPLIST_KEY_UISupportedInterfaceOrientations = UIInterfaceOrientationPortrait;
				IPHONEOS_DEPLOYMENT_TARGET = 15.6;
				LD_RUNPATH_SEARCH_PATHS = (
					"$(inherited)",
					"@executable_path/Frameworks",
				);
				MARKETING_VERSION = 1.0;
				PRODUCT_BUNDLE_IDENTIFIER = "abz-agency.TestTask";
				PRODUCT_NAME = "$(TARGET_NAME)";
				SUPPORTED_PLATFORMS = "iphoneos iphonesimulator";
				SUPPORTS_MACCATALYST = NO;
				SUPPORTS_MAC_DESIGNED_FOR_IPHONE_IPAD = NO;
				SUPPORTS_XR_DESIGNED_FOR_IPHONE_IPAD = NO;
				SWIFT_EMIT_LOC_STRINGS = YES;
				SWIFT_VERSION = 5.0;
				TARGETED_DEVICE_FAMILY = "1,2";
			};
			name = Release;
		};
/* End XCBuildConfiguration section */

/* Begin XCConfigurationList section */
		93C9AD422DD7752C0048B1B9 /* Build configuration list for PBXProject "TestTask" */ = {
			isa = XCConfigurationList;
			buildConfigurations = (
				93C9AD502DD7752E0048B1B9 /* Debug */,
				93C9AD512DD7752E0048B1B9 /* Release */,
			);
			defaultConfigurationIsVisible = 0;
			defaultConfigurationName = Release;
		};
		93C9AD522DD7752E0048B1B9 /* Build configuration list for PBXNativeTarget "TestTask" */ = {
			isa = XCConfigurationList;
			buildConfigurations = (
				93C9AD532DD7752E0048B1B9 /* Debug */,
				93C9AD542DD7752E0048B1B9 /* Release */,
			);
			defaultConfigurationIsVisible = 0;
			defaultConfigurationName = Release;
		};
/* End XCConfigurationList section */
	};
	rootObject = 93C9AD3F2DD7752C0048B1B9 /* Project object */;
}
